github.com/davecgh/go-spew v1.1.1 h1:vj9j2NQ2uDCDj1kD6EWtPGDqI0x0Q8M1j6iZJ1dLC0U=
github.com/davecgh/go-spew v1.1.1/go.mod h1:J7wEkc1g0s1RYbZMALceDM39s2MDtZ9CtqBKVHacZrs=
github.com/go-logr/logr v1.3.0 h1:uP6QH+8JzcVf5mH7qVQ4e1gUPtWVaJYyZq4RWPwOH6o=
github.com/go-logr/logr v1.3.0/go.mod h1:UgmWJ/R5bEaFa13q3xxUTagVZcTv7MJVUqjczKg6qxs=
github.com/go-logr/stdr v1.2.2 h1:wXBQdvF8IQe6gJlcQTsjT+Zp3RJcEhyJeKqMgDLFOHc=
github.com/go-logr/stdr v1.2.2/go.mod h1:jYa6QC1vD/UP87z5t2lYHte7HOuy5bWfViCzmSst91Q=
github.com/google/gofuzz v1.2.0 h1:nggGAoEkB4mA8fOn1xOiiA7Dowyy8D9BexVFsYIHFsY=
github.com/google/gofuzz v1.2.0/go.mod h1:Co2VZShm0uF7fGrZcTwd6eN3pNTV7UnzqfJQpNp+Q8E=
github.com/json-iterator/go v1.1.12 h1:x7J7dxSmEQ6YO9pAAgMMRQWIy590ls4dpr+4zj8y+BmA=
github.com/json-iterator/go v1.1.12/go.mod h1:TiVfUSZW/6cL7JWnpTVp6tG3N9dw1yvYgC4OMPc4c2E=
github.com/modern-go/concurrent v0.0.0-20180306012644-bacd9c7ef1dd h1:7vyXnvxXGp32S9erIuzOJpAzPO1w5SISe6Q389A1rvA=
github.com/modern-go/concurrent v0.0.0-20180306012644-bacd9c7ef1dd/go.mod h1:AjJCc7ZJeOZeX7Lx5TtEfwcLL5V8QZ1Sj/4C8tM1EpQ=
github.com/modern-go/reflect2 v1.0.2 h1:zGthrvFiBMXG2b/bCwYPxvkr8raNbmXa5wBQwyCHGMo=
github.com/modern-go/reflect2 v1.0.2/go.mod h1:MiD7KwEdsuZxAmoC/7yyGhkS4QeJq2eu5Kf8rVwYkY=
github.com/pmezard/go-difflib v1.0.0 h1:4DBw47mMki+1O5TpsNh2M6gYrbnhM0RrCw5V+//Kp9c=
github.com/pmezard/go-difflib v1.0.0/go.mod h1:kJ3HQIoK/qq0ZUQh5KqFNSfPjlnP6/1BcVpcmC0x7+8=
github.com/stretchr/testify v1.8.1 h1:DwXM9fRrG4y+tEDN2e0H5QHnt+2UypFf9xEtg91mecw=
github.com/stretchr/testify v1.8.1/go.mod h1:6F36jbIxNhPQ1JZ6Jf9YFpcCgPSu3960AuSskGPpQxk=
golang.org/x/net v0.25.0 h1:WLF9YYhj6IuqmmHi6V2f4Dc1HWu6eeUSG0CQKmwZ/SI=
golang.org/x/net v0.25.0/go.mod h1:5xrTtBKUZjHZyipwSdui61LzknXUplwAQFsYb6znrkw=
golang.org/x/oauth2 v0.17.0 h1:6w3e4HRRD6I8oWLvLambdaP5axzAdZkUkaoABZhQYAo=
golang.org/x/oauth2 v0.17.0/go.mod h1:tQ5I7rZ1EwfVgXvLA6rHn8HQqid+MDK0DCrLj8UkXIM=
golang.org/x/sys v0.18.0 h1:kMAYXhHKm6KXVNTyQcTWlgMZ80C3vTYa0P2A+wxMBbM=
golang.org/x/sys v0.18.0/go.mod h1:VUA+JuxjY2MoYijklmrivXL0adTn5x9DXHfjU3gVHrk=
golang.org/x/term v0.18.0 h1:JpdMiIiicgacBBL/w1ltr5Eyd5Swhk/YXqPukvfUZgo=
golang.org/x/term v0.18.0/go.mod h1:RMonvToWZ4Np3tEzYs/m643M07pO7oZ6F2Ps77OgQck=
golang.org/x/text v0.14.0 h1:tqEAv4+mxgFmg0F0YJYqPmAE8uQsH3HChKuOA6/XVps=
golang.org/x/text v0.14.0/go.mod h1:ytG7ZH3gYtB9uF2WcYzx66jXBbY7Ri6AKdKH7Ld4=
gopkg.in/inf.v0 v0.9.1 h1:xleEFzI3jCfclw6Xin6m3Yk47WU/eeFZDjQxazhvQ+s=
gopkg.in/inf.v0 v0.9.1/go.mod h1:nUVJ8TWcG5Yq8HU4fR6tZ4QlyQctY99Z4u1XgN89luw=
gopkg.in/yaml.v2 v2.4.0 h1:ow3fj4pG6xSa7GKXvO3tb82J7HQwevjUfxNwZtKItfc=
gopkg.in/yaml.v2 v2.4.0/go.mod h1:k+bFa1qBEgHhY/cP6T6S6aKanD3yoZO3qKsMZGH5Pq4=
k8s.io/api v0.30.2 h1:xj6/SDQazV8LPvBv56mN7ltdqUhwG3PvK8WkvS12o6U=
k8s.io/api v0.30.2/go.mod h1:2fVJZij0PjzjnZvGWDUEcRJA5o4I2TRYYGJzBCsiw/
k8s.io/apimachinery v0.30.2 h1:sibGn+xfsmy7Xv0/UjpSky/dZhycYQoa4JkLcX8SAL4=
k8s.io/apimachinery v0.30.2/go.mod h1:o3c/6nKFGTvHEGhqy9dWC24vkAFzutGJdAQ2jcjojBA=
k8s.io/client-go v0.30.2 h1:WfV5yExvjl+g8j9p1NGV80fL8Yxca+wMsbM0zM6ZhZk=
k8s.io/client-go v0.30.2/go.mod h1:XsLA3D1LUnX9i4eRxgEhyN6RsLZV5nL5wQpkfIS1cOU=
